
Microsoft Visual Studio Solution File, Format Version 12.00
# Visual Studio Version 17
VisualStudioVersion = 17.10.35122.118
MinimumVisualStudioVersion = 10.0.40219.1
Project("{2150E333-8FDC-42A3-9474-1A3956D46DE8}") = "tests", "tests", "{CD101A92-9113-4582-8F15-739C081133CC}"
EndProject
Project("{2150E333-8FDC-42A3-9474-1A3956D46DE8}") = "Solution Items", "Solution Items", "{80375386-2836-4A15-ACE0-8CFBDC8D54F0}"
	ProjectSection(SolutionItems) = preProject
		src\docker-compose.override.yml = src\docker-compose.override.yml
		src\docker-compose.yml = src\docker-compose.yml
		global.json = global.json
		README.md = README.md
		scratch.md = scratch.md
	EndProjectSection
EndProject
Project("{9A19103F-16F7-4668-BE54-9A1E7A4F7556}") = "Common.Logging", "src\BuildingBlocks\Common.Logging\Common.Logging.csproj", "{01E10D36-BFCD-436E-A6D8-B908346B47FD}"
EndProject
Project("{2150E333-8FDC-42A3-9474-1A3956D46DE8}") = "BuildingBlocks", "BuildingBlocks", "{375E3D11-4ECA-41A2-88B4-8614DB95EDBC}"
EndProject
Project("{9A19103F-16F7-4668-BE54-9A1E7A4F7556}") = "EventBus.Messages", "src\BuildingBlocks\EventBus.Messages\EventBus.Messages.csproj", "{10D32352-55E6-41F0-B5DF-02E3773A7890}"
EndProject
Project("{2150E333-8FDC-42A3-9474-1A3956D46DE8}") = "Services", "Services", "{CC52895C-F32A-47FF-812A-561F5BD2D2E9}"
EndProject
Project("{2150E333-8FDC-42A3-9474-1A3956D46DE8}") = "Basket", "Basket", "{8C29D05A-2854-41EF-BFD1-DFEACE7E0976}"
EndProject
Project("{2150E333-8FDC-42A3-9474-1A3956D46DE8}") = "Customer", "Customer", "{16BBB0DC-CC81-4A7C-9601-C817AD6C6CDD}"
EndProject
Project("{2150E333-8FDC-42A3-9474-1A3956D46DE8}") = "Inventory", "Inventory", "{B8E63263-1ADF-4080-AEFC-759E1CD01162}"
EndProject
Project("{2150E333-8FDC-42A3-9474-1A3956D46DE8}") = "Ordering", "Ordering", "{EC07E6DE-10FE-4383-B1FC-755451B7E98E}"
EndProject
Project("{2150E333-8FDC-42A3-9474-1A3956D46DE8}") = "Product", "Product", "{B9C68AB4-25BF-417B-B09A-4DD59A2092A1}"
EndProject
Project("{2150E333-8FDC-42A3-9474-1A3956D46DE8}") = "ScheduledJob", "ScheduledJob", "{E7E864C5-F125-42CA-809E-14048D648C62}"
EndProject
Project("{2150E333-8FDC-42A3-9474-1A3956D46DE8}") = "WebApps", "WebApps", "{83F77008-3456-4A45-BF5D-1010768FD62E}"
EndProject
Project("{9A19103F-16F7-4668-BE54-9A1E7A4F7556}") = "WebHealthStatus", "src\WebApps\WebHealthStatus\WebHealthStatus.csproj", "{2252322B-F181-4430-92BA-F2279F6048AB}"
EndProject
Project("{9A19103F-16F7-4668-BE54-9A1E7A4F7556}") = "Basket.API", "src\Services\Basket\Basket.API\Basket.API.csproj", "{1C3428AD-68CD-4D55-93DA-039B894F1E15}"
EndProject
Project("{9A19103F-16F7-4668-BE54-9A1E7A4F7556}") = "Customer.API", "src\Services\Customer\Customer.API\Customer.API.csproj", "{2815BB4A-2096-4036-8AAF-142E51CDADED}"
EndProject
Project("{9A19103F-16F7-4668-BE54-9A1E7A4F7556}") = "Inventory.Product.API", "src\Services\Inventory\Inventory.Product.API\Inventory.Product.API.csproj", "{74A2D696-994F-4482-B972-EE9CFBF9ECD2}"
EndProject
Project("{9A19103F-16F7-4668-BE54-9A1E7A4F7556}") = "Ordering.API", "src\Services\Ordering\Ordering.API\Ordering.API.csproj", "{011EE00E-53D4-4189-947A-D624C848CF5E}"
EndProject
Project("{9A19103F-16F7-4668-BE54-9A1E7A4F7556}") = "Product.API", "src\Services\Product\Product.API\Product.API.csproj", "{50C639E8-C58A-4441-932F-4D65A4318506}"
EndProject
Project("{9A19103F-16F7-4668-BE54-9A1E7A4F7556}") = "Hangfire.API", "src\Services\ScheduledJob\Hangfire.API\Hangfire.API.csproj", "{3F29B927-AC02-4D11-9645-881C2B38D91F}"
EndProject
Project("{9A19103F-16F7-4668-BE54-9A1E7A4F7556}") = "Contracts", "src\BuildingBlocks\Contracts\Contracts.csproj", "{CA2A793E-58DA-4093-8B4E-F2A549D23A04}"
EndProject
Project("{9A19103F-16F7-4668-BE54-9A1E7A4F7556}") = "Infrastructure", "src\BuildingBlocks\Infrastructure\Infrastructure.csproj", "{8C754FD7-9A7F-4A79-911F-488A19A9B980}"
EndProject
Project("{9A19103F-16F7-4668-BE54-9A1E7A4F7556}") = "Shared", "src\BuildingBlocks\Sheared\Shared.csproj", "{B931FBE4-CECA-4456-BA05-5D8DF2B83201}"
EndProject
Project("{2150E333-8FDC-42A3-9474-1A3956D46DE8}") = "ApiGateways", "ApiGateways", "{1CC659CD-98D1-4504-9B55-AF56981DBE39}"
EndProject
Project("{9A19103F-16F7-4668-BE54-9A1E7A4F7556}") = "OcelotApiGW", "src\ApiGateways\OcelotApiGW\OcelotApiGW.csproj", "{73139624-3AF9-431C-A7E1-0D425412E5F6}"
EndProject
Global
	GlobalSection(SolutionConfigurationPlatforms) = preSolution
		Debug|Any CPU = Debug|Any CPU
		Release|Any CPU = Release|Any CPU
	EndGlobalSection
	GlobalSection(ProjectConfigurationPlatforms) = postSolution
		{01E10D36-BFCD-436E-A6D8-B908346B47FD}.Debug|Any CPU.ActiveCfg = Debug|Any CPU
		{01E10D36-BFCD-436E-A6D8-B908346B47FD}.Debug|Any CPU.Build.0 = Debug|Any CPU
		{01E10D36-BFCD-436E-A6D8-B908346B47FD}.Release|Any CPU.ActiveCfg = Release|Any CPU
		{01E10D36-BFCD-436E-A6D8-B908346B47FD}.Release|Any CPU.Build.0 = Release|Any CPU
		{10D32352-55E6-41F0-B5DF-02E3773A7890}.Debug|Any CPU.ActiveCfg = Debug|Any CPU
		{10D32352-55E6-41F0-B5DF-02E3773A7890}.Debug|Any CPU.Build.0 = Debug|Any CPU
		{10D32352-55E6-41F0-B5DF-02E3773A7890}.Release|Any CPU.ActiveCfg = Release|Any CPU
		{10D32352-55E6-41F0-B5DF-02E3773A7890}.Release|Any CPU.Build.0 = Release|Any CPU
		{2252322B-F181-4430-92BA-F2279F6048AB}.Debug|Any CPU.ActiveCfg = Debug|Any CPU
		{2252322B-F181-4430-92BA-F2279F6048AB}.Debug|Any CPU.Build.0 = Debug|Any CPU
		{2252322B-F181-4430-92BA-F2279F6048AB}.Release|Any CPU.ActiveCfg = Release|Any CPU
		{2252322B-F181-4430-92BA-F2279F6048AB}.Release|Any CPU.Build.0 = Release|Any CPU
		{1C3428AD-68CD-4D55-93DA-039B894F1E15}.Debug|Any CPU.ActiveCfg = Debug|Any CPU
		{1C3428AD-68CD-4D55-93DA-039B894F1E15}.Debug|Any CPU.Build.0 = Debug|Any CPU
		{1C3428AD-68CD-4D55-93DA-039B894F1E15}.Release|Any CPU.ActiveCfg = Release|Any CPU
		{1C3428AD-68CD-4D55-93DA-039B894F1E15}.Release|Any CPU.Build.0 = Release|Any CPU
		{2815BB4A-2096-4036-8AAF-142E51CDADED}.Debug|Any CPU.ActiveCfg = Debug|Any CPU
		{2815BB4A-2096-4036-8AAF-142E51CDADED}.Debug|Any CPU.Build.0 = Debug|Any CPU
		{2815BB4A-2096-4036-8AAF-142E51CDADED}.Release|Any CPU.ActiveCfg = Release|Any CPU
		{2815BB4A-2096-4036-8AAF-142E51CDADED}.Release|Any CPU.Build.0 = Release|Any CPU
		{74A2D696-994F-4482-B972-EE9CFBF9ECD2}.Debug|Any CPU.ActiveCfg = Debug|Any CPU
		{74A2D696-994F-4482-B972-EE9CFBF9ECD2}.Debug|Any CPU.Build.0 = Debug|Any CPU
		{74A2D696-994F-4482-B972-EE9CFBF9ECD2}.Release|Any CPU.ActiveCfg = Release|Any CPU
		{74A2D696-994F-4482-B972-EE9CFBF9ECD2}.Release|Any CPU.Build.0 = Release|Any CPU
		{011EE00E-53D4-4189-947A-D624C848CF5E}.Debug|Any CPU.ActiveCfg = Debug|Any CPU
		{011EE00E-53D4-4189-947A-D624C848CF5E}.Debug|Any CPU.Build.0 = Debug|Any CPU
		{011EE00E-53D4-4189-947A-D624C848CF5E}.Release|Any CPU.ActiveCfg = Release|Any CPU
		{011EE00E-53D4-4189-947A-D624C848CF5E}.Release|Any CPU.Build.0 = Release|Any CPU
		{50C639E8-C58A-4441-932F-4D65A4318506}.Debug|Any CPU.ActiveCfg = Debug|Any CPU
		{50C639E8-C58A-4441-932F-4D65A4318506}.Debug|Any CPU.Build.0 = Debug|Any CPU
		{50C639E8-C58A-4441-932F-4D65A4318506}.Release|Any CPU.ActiveCfg = Release|Any CPU
		{50C639E8-C58A-4441-932F-4D65A4318506}.Release|Any CPU.Build.0 = Release|Any CPU
		{3F29B927-AC02-4D11-9645-881C2B38D91F}.Debug|Any CPU.ActiveCfg = Debug|Any CPU
		{3F29B927-AC02-4D11-9645-881C2B38D91F}.Debug|Any CPU.Build.0 = Debug|Any CPU
		{3F29B927-AC02-4D11-9645-881C2B38D91F}.Release|Any CPU.ActiveCfg = Release|Any CPU
		{3F29B927-AC02-4D11-9645-881C2B38D91F}.Release|Any CPU.Build.0 = Release|Any CPU
		{CA2A793E-58DA-4093-8B4E-F2A549D23A04}.Debug|Any CPU.ActiveCfg = Debug|Any CPU
		{CA2A793E-58DA-4093-8B4E-F2A549D23A04}.Debug|Any CPU.Build.0 = Debug|Any CPU
		{CA2A793E-58DA-4093-8B4E-F2A549D23A04}.Release|Any CPU.ActiveCfg = Release|Any CPU
		{CA2A793E-58DA-4093-8B4E-F2A549D23A04}.Release|Any CPU.Build.0 = Release|Any CPU
		{8C754FD7-9A7F-4A79-911F-488A19A9B980}.Debug|Any CPU.ActiveCfg = Debug|Any CPU
		{8C754FD7-9A7F-4A79-911F-488A19A9B980}.Debug|Any CPU.Build.0 = Debug|Any CPU
		{8C754FD7-9A7F-4A79-911F-488A19A9B980}.Release|Any CPU.ActiveCfg = Release|Any CPU
		{8C754FD7-9A7F-4A79-911F-488A19A9B980}.Release|Any CPU.Build.0 = Release|Any CPU
		{B931FBE4-CECA-4456-BA05-5D8DF2B83201}.Debug|Any CPU.ActiveCfg = Debug|Any CPU
		{B931FBE4-CECA-4456-BA05-5D8DF2B83201}.Debug|Any CPU.Build.0 = Debug|Any CPU
		{B931FBE4-CECA-4456-BA05-5D8DF2B83201}.Release|Any CPU.ActiveCfg = Release|Any CPU
		{B931FBE4-CECA-4456-BA05-5D8DF2B83201}.Release|Any CPU.Build.0 = Release|Any CPU
		{73139624-3AF9-431C-A7E1-0D425412E5F6}.Debug|Any CPU.ActiveCfg = Debug|Any CPU
		{73139624-3AF9-431C-A7E1-0D425412E5F6}.Debug|Any CPU.Build.0 = Debug|Any CPU
		{73139624-3AF9-431C-A7E1-0D425412E5F6}.Release|Any CPU.ActiveCfg = Release|Any CPU
		{73139624-3AF9-431C-A7E1-0D425412E5F6}.Release|Any CPU.Build.0 = Release|Any CPU
	EndGlobalSection
	GlobalSection(SolutionProperties) = preSolution
		HideSolutionNode = FALSE
	EndGlobalSection
	GlobalSection(NestedProjects) = preSolution
		{01E10D36-BFCD-436E-A6D8-B908346B47FD} = {375E3D11-4ECA-41A2-88B4-8614DB95EDBC}
		{10D32352-55E6-41F0-B5DF-02E3773A7890} = {375E3D11-4ECA-41A2-88B4-8614DB95EDBC}
		{8C29D05A-2854-41EF-BFD1-DFEACE7E0976} = {CC52895C-F32A-47FF-812A-561F5BD2D2E9}
		{16BBB0DC-CC81-4A7C-9601-C817AD6C6CDD} = {CC52895C-F32A-47FF-812A-561F5BD2D2E9}
		{B8E63263-1ADF-4080-AEFC-759E1CD01162} = {CC52895C-F32A-47FF-812A-561F5BD2D2E9}
		{EC07E6DE-10FE-4383-B1FC-755451B7E98E} = {CC52895C-F32A-47FF-812A-561F5BD2D2E9}
		{B9C68AB4-25BF-417B-B09A-4DD59A2092A1} = {CC52895C-F32A-47FF-812A-561F5BD2D2E9}
		{E7E864C5-F125-42CA-809E-14048D648C62} = {CC52895C-F32A-47FF-812A-561F5BD2D2E9}
		{2252322B-F181-4430-92BA-F2279F6048AB} = {83F77008-3456-4A45-BF5D-1010768FD62E}
		{1C3428AD-68CD-4D55-93DA-039B894F1E15} = {8C29D05A-2854-41EF-BFD1-DFEACE7E0976}
		{2815BB4A-2096-4036-8AAF-142E51CDADED} = {16BBB0DC-CC81-4A7C-9601-C817AD6C6CDD}
		{74A2D696-994F-4482-B972-EE9CFBF9ECD2} = {B8E63263-1ADF-4080-AEFC-759E1CD01162}
		{011EE00E-53D4-4189-947A-D624C848CF5E} = {EC07E6DE-10FE-4383-B1FC-755451B7E98E}
		{50C639E8-C58A-4441-932F-4D65A4318506} = {B9C68AB4-25BF-417B-B09A-4DD59A2092A1}
		{3F29B927-AC02-4D11-9645-881C2B38D91F} = {E7E864C5-F125-42CA-809E-14048D648C62}
		{CA2A793E-58DA-4093-8B4E-F2A549D23A04} = {375E3D11-4ECA-41A2-88B4-8614DB95EDBC}
		{8C754FD7-9A7F-4A79-911F-488A19A9B980} = {375E3D11-4ECA-41A2-88B4-8614DB95EDBC}
		{B931FBE4-CECA-4456-BA05-5D8DF2B83201} = {375E3D11-4ECA-41A2-88B4-8614DB95EDBC}
		{73139624-3AF9-431C-A7E1-0D425412E5F6} = {1CC659CD-98D1-4504-9B55-AF56981DBE39}
	EndGlobalSection
	GlobalSection(ExtensibilityGlobals) = postSolution
		SolutionGuid = {6940C70C-CC6A-4E48-A81B-583802B0178F}
	EndGlobalSection
EndGlobal
